
Microsoft Visual Studio Solution File, Format Version 12.00
# Visual Studio Version 16
VisualStudioVersion = 16.0.30523.141
MinimumVisualStudioVersion = 10.0.40219.1
Project("{FAE04EC0-301F-11D3-BF4B-00C04F79EFBC}") = "DIP-Demo", "DIP-Demo\DIP-Demo.csproj", "{56DF2963-98F0-41F7-87E1-E84B3109C0F4}"
EndProject
Project("{FAE04EC0-301F-11D3-BF4B-00C04F79EFBC}") = "DIP.UnitTests", "DIP.UnitTests\DIP.UnitTests.csproj", "{78956AA8-69B1-4489-B96D-F2FC038A518A}"
EndProject
Global
	GlobalSection(SolutionConfigurationPlatforms) = preSolution
		Debug|Any CPU = Debug|Any CPU
		Release|Any CPU = Release|Any CPU
	EndGlobalSection
	GlobalSection(ProjectConfigurationPlatforms) = postSolution
		{56DF2963-98F0-41F7-87E1-E84B3109C0F4}.Debug|Any CPU.ActiveCfg = Debug|Any CPU
		{56DF2963-98F0-41F7-87E1-E84B3109C0F4}.Debug|Any CPU.Build.0 = Debug|Any CPU
		{56DF2963-98F0-41F7-87E1-E84B3109C0F4}.Release|Any CPU.ActiveCfg = Release|Any CPU
		{56DF2963-98F0-41F7-87E1-E84B3109C0F4}.Release|Any CPU.Build.0 = Release|Any CPU
		{78956AA8-69B1-4489-B96D-F2FC038A518A}.Debug|Any CPU.ActiveCfg = Debug|Any CPU
		{78956AA8-69B1-4489-B96D-F2FC038A518A}.Debug|Any CPU.Build.0 = Debug|Any CPU
		{78956AA8-69B1-4489-B96D-F2FC038A518A}.Release|Any CPU.ActiveCfg = Release|Any CPU
		{78956AA8-69B1-4489-B96D-F2FC038A518A}.Release|Any CPU.Build.0 = Release|Any CPU
	EndGlobalSection
	GlobalSection(SolutionProperties) = preSolution
		HideSolutionNode = FALSE
	EndGlobalSection
	GlobalSection(ExtensibilityGlobals) = postSolution
		SolutionGuid = {24902F0E-3F8A-4905-A8E5-D018936818F8}
	EndGlobalSection
EndGlobal
